
Microsoft Visual Studio Solution File, Format Version 12.00
# Visual Studio 15
VisualStudioVersion = 15.0.27703.2018
MinimumVisualStudioVersion = 10.0.40219.1
Project("{9A19103F-16F7-4668-BE54-9A1E7A4F7556}") = "SharpJuice.AutoFixture", "SharpJuice.AutoFixture\SharpJuice.AutoFixture.csproj", "{B2FA7037-2005-4A12-9F7C-AB5F7C1762E4}"
EndProject
Project("{9A19103F-16F7-4668-BE54-9A1E7A4F7556}") = "SharpJuice.AutoFixture.Tests", "SharpJuice.AutoFixture.Tests\SharpJuice.AutoFixture.Tests.csproj", "{AE7C73A7-9E0A-4F66-9D29-8A42A73B1DB1}"
EndProject
Global
	GlobalSection(SolutionConfigurationPlatforms) = preSolution
		Debug|Any CPU = Debug|Any CPU
		Release|Any CPU = Release|Any CPU
	EndGlobalSection
	GlobalSection(ProjectConfigurationPlatforms) = postSolution
		{B2FA7037-2005-4A12-9F7C-AB5F7C1762E4}.Debug|Any CPU.ActiveCfg = Debug|Any CPU
		{B2FA7037-2005-4A12-9F7C-AB5F7C1762E4}.Debug|Any CPU.Build.0 = Debug|Any CPU
		{B2FA7037-2005-4A12-9F7C-AB5F7C1762E4}.Release|Any CPU.ActiveCfg = Release|Any CPU
		{B2FA7037-2005-4A12-9F7C-AB5F7C1762E4}.Release|Any CPU.Build.0 = Release|Any CPU
		{AE7C73A7-9E0A-4F66-9D29-8A42A73B1DB1}.Debug|Any CPU.ActiveCfg = Debug|Any CPU
		{AE7C73A7-9E0A-4F66-9D29-8A42A73B1DB1}.Debug|Any CPU.Build.0 = Debug|Any CPU
		{AE7C73A7-9E0A-4F66-9D29-8A42A73B1DB1}.Release|Any CPU.ActiveCfg = Release|Any CPU
		{AE7C73A7-9E0A-4F66-9D29-8A42A73B1DB1}.Release|Any CPU.Build.0 = Release|Any CPU
	EndGlobalSection
	GlobalSection(SolutionProperties) = preSolution
		HideSolutionNode = FALSE
	EndGlobalSection
	GlobalSection(ExtensibilityGlobals) = postSolution
		SolutionGuid = {435AA308-341B-4CD4-B2BD-EBEFECBBDAB1}
	EndGlobalSection
EndGlobal
